
Microsoft Visual Studio Solution File, Format Version 12.00
# Visual Studio Version 17
VisualStudioVersion = 17.10.35027.167
MinimumVisualStudioVersion = 10.0.40219.1
Project("{9A19103F-16F7-4668-BE54-9A1E7A4F7556}") = "AuctionService", "src\AuctionService\AuctionService.csproj", "{748AD202-6785-4684-A220-9021682B6034}"
EndProject
Project("{9A19103F-16F7-4668-BE54-9A1E7A4F7556}") = "SearchService", "src\SearchService\SearchService.csproj", "{131229EB-6EC0-4C24-8DA0-5A9B7508F11E}"
EndProject
Project("{9A19103F-16F7-4668-BE54-9A1E7A4F7556}") = "Contracts", "src\Contracts\Contracts.csproj", "{1D6B4E56-13D7-44EC-84BE-7A8FEF5E96E5}"
EndProject
Project("{9A19103F-16F7-4668-BE54-9A1E7A4F7556}") = "IdentityService", "src\IdentityService\IdentityService.csproj", "{54423D4A-4C36-4E9F-994A-F2597738388F}"
EndProject
Project("{9A19103F-16F7-4668-BE54-9A1E7A4F7556}") = "GatewayService", "src\GatewayService\GatewayService.csproj", "{CE04BC72-6CCE-4CBC-9E6B-D28586660D39}"
EndProject
Project("{9A19103F-16F7-4668-BE54-9A1E7A4F7556}") = "BiddingService", "src\BiddingService\BiddingService.csproj", "{8F6D87AA-B1CE-4E3D-86BE-82ED6798D923}"
EndProject
Project("{FAE04EC0-301F-11D3-BF4B-00C04F79EFBC}") = "NotificationService", "src\NotificationService\NotificationService.csproj", "{566D448E-A0AB-47F3-A156-497D09B727DD}"
EndProject
Global
	GlobalSection(SolutionConfigurationPlatforms) = preSolution
		Debug|Any CPU = Debug|Any CPU
		Release|Any CPU = Release|Any CPU
	EndGlobalSection
	GlobalSection(ProjectConfigurationPlatforms) = postSolution
		{748AD202-6785-4684-A220-9021682B6034}.Debug|Any CPU.ActiveCfg = Debug|Any CPU
		{748AD202-6785-4684-A220-9021682B6034}.Debug|Any CPU.Build.0 = Debug|Any CPU
		{748AD202-6785-4684-A220-9021682B6034}.Release|Any CPU.ActiveCfg = Release|Any CPU
		{748AD202-6785-4684-A220-9021682B6034}.Release|Any CPU.Build.0 = Release|Any CPU
		{131229EB-6EC0-4C24-8DA0-5A9B7508F11E}.Debug|Any CPU.ActiveCfg = Debug|Any CPU
		{131229EB-6EC0-4C24-8DA0-5A9B7508F11E}.Debug|Any CPU.Build.0 = Debug|Any CPU
		{131229EB-6EC0-4C24-8DA0-5A9B7508F11E}.Release|Any CPU.ActiveCfg = Release|Any CPU
		{131229EB-6EC0-4C24-8DA0-5A9B7508F11E}.Release|Any CPU.Build.0 = Release|Any CPU
		{1D6B4E56-13D7-44EC-84BE-7A8FEF5E96E5}.Debug|Any CPU.ActiveCfg = Debug|Any CPU
		{1D6B4E56-13D7-44EC-84BE-7A8FEF5E96E5}.Debug|Any CPU.Build.0 = Debug|Any CPU
		{1D6B4E56-13D7-44EC-84BE-7A8FEF5E96E5}.Release|Any CPU.ActiveCfg = Release|Any CPU
		{1D6B4E56-13D7-44EC-84BE-7A8FEF5E96E5}.Release|Any CPU.Build.0 = Release|Any CPU
		{54423D4A-4C36-4E9F-994A-F2597738388F}.Debug|Any CPU.ActiveCfg = Debug|Any CPU
		{54423D4A-4C36-4E9F-994A-F2597738388F}.Debug|Any CPU.Build.0 = Debug|Any CPU
		{54423D4A-4C36-4E9F-994A-F2597738388F}.Release|Any CPU.ActiveCfg = Release|Any CPU
		{54423D4A-4C36-4E9F-994A-F2597738388F}.Release|Any CPU.Build.0 = Release|Any CPU
		{CE04BC72-6CCE-4CBC-9E6B-D28586660D39}.Debug|Any CPU.ActiveCfg = Debug|Any CPU
		{CE04BC72-6CCE-4CBC-9E6B-D28586660D39}.Debug|Any CPU.Build.0 = Debug|Any CPU
		{CE04BC72-6CCE-4CBC-9E6B-D28586660D39}.Release|Any CPU.ActiveCfg = Release|Any CPU
		{CE04BC72-6CCE-4CBC-9E6B-D28586660D39}.Release|Any CPU.Build.0 = Release|Any CPU
		{8F6D87AA-B1CE-4E3D-86BE-82ED6798D923}.Debug|Any CPU.ActiveCfg = Debug|Any CPU
		{8F6D87AA-B1CE-4E3D-86BE-82ED6798D923}.Debug|Any CPU.Build.0 = Debug|Any CPU
		{8F6D87AA-B1CE-4E3D-86BE-82ED6798D923}.Release|Any CPU.ActiveCfg = Release|Any CPU
		{8F6D87AA-B1CE-4E3D-86BE-82ED6798D923}.Release|Any CPU.Build.0 = Release|Any CPU
		{566D448E-A0AB-47F3-A156-497D09B727DD}.Debug|Any CPU.ActiveCfg = Debug|Any CPU
		{566D448E-A0AB-47F3-A156-497D09B727DD}.Debug|Any CPU.Build.0 = Debug|Any CPU
		{566D448E-A0AB-47F3-A156-497D09B727DD}.Release|Any CPU.ActiveCfg = Release|Any CPU
		{566D448E-A0AB-47F3-A156-497D09B727DD}.Release|Any CPU.Build.0 = Release|Any CPU
	EndGlobalSection
	GlobalSection(SolutionProperties) = preSolution
		HideSolutionNode = FALSE
	EndGlobalSection
	GlobalSection(ExtensibilityGlobals) = postSolution
		SolutionGuid = {96EBE5AF-54E3-4334-9789-F907B020171F}
	EndGlobalSection
EndGlobal
